Microsoft Visual Studio Solution File, Format Version 9.00
# Visual Studio 2005
Project("{FAE04EC0-301F-11D3-BF4B-00C04F79EFBC}") = "LogarithmicScale", "LogarithmicScale.csproj", "{EC09A1D4-F93E-4ECF-B474-8D69C7F0373B}"
EndProject
Global
	GlobalSection(SolutionConfigurationPlatforms) = preSolution
		Debug|Any CPU = Debug|Any CPU
		Release|Any CPU = Release|Any CPU
	EndGlobalSection
	GlobalSection(ProjectConfigurationPlatforms) = postSolution
		{EC09A1D4-F93E-4ECF-B474-8D69C7F0373B}.Debug|Any CPU.ActiveCfg = Debug|Any CPU
		{EC09A1D4-F93E-4ECF-B474-8D69C7F0373B}.Debug|Any CPU.Build.0 = Debug|Any CPU
		{EC09A1D4-F93E-4ECF-B474-8D69C7F0373B}.Release|Any CPU.ActiveCfg = Release|Any CPU
		{EC09A1D4-F93E-4ECF-B474-8D69C7F0373B}.Release|Any CPU.Build.0 = Release|Any CPU
	EndGlobalSection
	GlobalSection(SolutionProperties) = preSolution
		HideSolutionNode = FALSE
	EndGlobalSection
EndGlobal
